
Microsoft Visual Studio Solution File, Format Version 12.00
# Visual Studio Version 17
VisualStudioVersion = 17.7.34202.233
MinimumVisualStudioVersion = 10.0.40219.1
Project("{FAE04EC0-301F-11D3-BF4B-00C04F79EFBC}") = "WindowsFormsApp3", "WindowsFormsApp3\WindowsFormsApp3.csproj", "{EDCCDC05-BA0E-4BFE-8CEA-7B7AE29B828D}"
EndProject
Project("{2150E333-8FDC-42A3-9474-1A3956D46DE8}") = "Çarpışma", "Çarpışma", "{FB212379-B1FF-4349-9EAC-3D8626140D72}"
	ProjectSection(SolutionItems) = preProject
		WindowsFormsApp3\GeometrikŞekiller\Carpisma.cs = WindowsFormsApp3\GeometrikŞekiller\Carpisma.cs
		WindowsFormsApp3\Carpismalar.cs = WindowsFormsApp3\Carpismalar.cs
	EndProjectSection
EndProject
Global
	GlobalSection(SolutionConfigurationPlatforms) = preSolution
		Debug|Any CPU = Debug|Any CPU
		Release|Any CPU = Release|Any CPU
	EndGlobalSection
	GlobalSection(ProjectConfigurationPlatforms) = postSolution
		{EDCCDC05-BA0E-4BFE-8CEA-7B7AE29B828D}.Debug|Any CPU.ActiveCfg = Debug|Any CPU
		{EDCCDC05-BA0E-4BFE-8CEA-7B7AE29B828D}.Debug|Any CPU.Build.0 = Debug|Any CPU
		{EDCCDC05-BA0E-4BFE-8CEA-7B7AE29B828D}.Release|Any CPU.ActiveCfg = Release|Any CPU
		{EDCCDC05-BA0E-4BFE-8CEA-7B7AE29B828D}.Release|Any CPU.Build.0 = Release|Any CPU
	EndGlobalSection
	GlobalSection(SolutionProperties) = preSolution
		HideSolutionNode = FALSE
	EndGlobalSection
	GlobalSection(ExtensibilityGlobals) = postSolution
		SolutionGuid = {028F8B2C-145C-46EC-95FB-3EA4FAB8AF77}
	EndGlobalSection
EndGlobal
